
Microsoft Visual Studio Solution File, Format Version 12.00
# Visual Studio Version 17
VisualStudioVersion = 17.1.32328.378
MinimumVisualStudioVersion = 10.0.40219.1
Project("{9A19103F-16F7-4668-BE54-9A1E7A4F7556}") = "MLMutant", "MLMutant\MLMutant.csproj", "{26DD5A4A-B15B-4C1C-894E-F2AFC1566D20}"
EndProject
Global
	GlobalSection(SolutionConfigurationPlatforms) = preSolution
		Debug|Any CPU = Debug|Any CPU
		Release|Any CPU = Release|Any CPU
	EndGlobalSection
	GlobalSection(ProjectConfigurationPlatforms) = postSolution
		{26DD5A4A-B15B-4C1C-894E-F2AFC1566D20}.Debug|Any CPU.ActiveCfg = Debug|Any CPU
		{26DD5A4A-B15B-4C1C-894E-F2AFC1566D20}.Debug|Any CPU.Build.0 = Debug|Any CPU
		{26DD5A4A-B15B-4C1C-894E-F2AFC1566D20}.Release|Any CPU.ActiveCfg = Release|Any CPU
		{26DD5A4A-B15B-4C1C-894E-F2AFC1566D20}.Release|Any CPU.Build.0 = Release|Any CPU
	EndGlobalSection
	GlobalSection(SolutionProperties) = preSolution
		HideSolutionNode = FALSE
	EndGlobalSection
	GlobalSection(ExtensibilityGlobals) = postSolution
		SolutionGuid = {55558E50-EFBF-4BD2-A768-834185F04EDC}
	EndGlobalSection
EndGlobal
